
Microsoft Visual Studio Solution File, Format Version 12.00
# Visual Studio Version 17
VisualStudioVersion = 17.14.37012.4
MinimumVisualStudioVersion = 10.0.40219.1
Project("{FAE04EC0-301F-11D3-BF4B-00C04F79EFBC}") = "CapaDatos", "CapaDatos\CapaDatos.csproj", "{7FA93C60-64CD-431E-9E16-371130E1119D}"
EndProject
Project("{FAE04EC0-301F-11D3-BF4B-00C04F79EFBC}") = "CapaLogic", "CapaLogic\CapaLogic.csproj", "{37D3CD02-AC03-4FAD-81E1-D1E9F35B4041}"
EndProject
Project("{FAE04EC0-301F-11D3-BF4B-00C04F79EFBC}") = "CapaEntities", "CapaEntities\CapaEntities.csproj", "{79037C15-BF0F-4F87-AD8A-798C4AF88D0F}"
EndProject
Project("{FAE04EC0-301F-11D3-BF4B-00C04F79EFBC}") = "CapaPresentacion", "CapaPresentacion\CapaPresentacion.csproj", "{26860071-3800-4527-9DC6-EAB12C6624F0}"
EndProject
Global
	GlobalSection(SolutionConfigurationPlatforms) = preSolution
		Debug|Any CPU = Debug|Any CPU
		Release|Any CPU = Release|Any CPU
	EndGlobalSection
	GlobalSection(ProjectConfigurationPlatforms) = postSolution
		{7FA93C60-64CD-431E-9E16-371130E1119D}.Debug|Any CPU.ActiveCfg = Debug|Any CPU
		{7FA93C60-64CD-431E-9E16-371130E1119D}.Debug|Any CPU.Build.0 = Debug|Any CPU
		{7FA93C60-64CD-431E-9E16-371130E1119D}.Release|Any CPU.ActiveCfg = Release|Any CPU
		{7FA93C60-64CD-431E-9E16-371130E1119D}.Release|Any CPU.Build.0 = Release|Any CPU
		{37D3CD02-AC03-4FAD-81E1-D1E9F35B4041}.Debug|Any CPU.ActiveCfg = Debug|Any CPU
		{37D3CD02-AC03-4FAD-81E1-D1E9F35B4041}.Debug|Any CPU.Build.0 = Debug|Any CPU
		{37D3CD02-AC03-4FAD-81E1-D1E9F35B4041}.Release|Any CPU.ActiveCfg = Release|Any CPU
		{37D3CD02-AC03-4FAD-81E1-D1E9F35B4041}.Release|Any CPU.Build.0 = Release|Any CPU
		{79037C15-BF0F-4F87-AD8A-798C4AF88D0F}.Debug|Any CPU.ActiveCfg = Debug|Any CPU
		{79037C15-BF0F-4F87-AD8A-798C4AF88D0F}.Debug|Any CPU.Build.0 = Debug|Any CPU
		{79037C15-BF0F-4F87-AD8A-798C4AF88D0F}.Release|Any CPU.ActiveCfg = Release|Any CPU
		{79037C15-BF0F-4F87-AD8A-798C4AF88D0F}.Release|Any CPU.Build.0 = Release|Any CPU
		{26860071-3800-4527-9DC6-EAB12C6624F0}.Debug|Any CPU.ActiveCfg = Debug|Any CPU
		{26860071-3800-4527-9DC6-EAB12C6624F0}.Debug|Any CPU.Build.0 = Debug|Any CPU
		{26860071-3800-4527-9DC6-EAB12C6624F0}.Release|Any CPU.ActiveCfg = Release|Any CPU
		{26860071-3800-4527-9DC6-EAB12C6624F0}.Release|Any CPU.Build.0 = Release|Any CPU
	EndGlobalSection
	GlobalSection(SolutionProperties) = preSolution
		HideSolutionNode = FALSE
	EndGlobalSection
	GlobalSection(ExtensibilityGlobals) = postSolution
		SolutionGuid = {48BE94D9-AF3F-4929-B6CF-529EF21F5392}
	EndGlobalSection
EndGlobal
